#MicroXplorer Configuration settings - do not modify
File.Version=6
KeepUserPlacement=false
Mcu.Family=STM32F3
Mcu.IP0=NVIC
Mcu.IP1=RCC
Mcu.IP2=RTC
Mcu.IP3=SYS
Mcu.IP4=USART1
Mcu.IPNb=5
Mcu.Name=STM32F373C(8-B-C)Tx
Mcu.Package=LQFP48
Mcu.Pin0=PC14-OSC32_IN
Mcu.Pin1=PC15-OSC32_OUT
Mcu.Pin10=VP_SYS_VS_Systick
Mcu.Pin2=PF0-OSC_IN
Mcu.Pin3=PF1-OSC_OUT
Mcu.Pin4=PB0
Mcu.Pin5=PB1
Mcu.Pin6=PA8
Mcu.Pin7=PB6
Mcu.Pin8=PB7
Mcu.Pin9=VP_RTC_VS_RTC_WakeUp_intern
Mcu.PinsNb=11
Mcu.UserConstants=
Mcu.UserName=STM32F373CBTx
MxCube.Version=4.14.0
MxDb.Version=DB.4.0.140
NVIC.BusFault_IRQn=true\:0\:0\:false\:false\:true
NVIC.DebugMonitor_IRQn=true\:0\:0\:false\:false\:true
NVIC.HardFault_IRQn=true\:0\:0\:false\:false\:true
NVIC.MemoryManagement_IRQn=true\:0\:0\:false\:false\:true
NVIC.NonMaskableInt_IRQn=true\:0\:0\:false\:false\:true
NVIC.PriorityGroup=NVIC_PRIORITYGROUP_4
NVIC.SysTick_IRQn=true\:0\:0\:false\:false\:true
NVIC.UsageFault_IRQn=true\:0\:0\:false\:false\:true
PA8.Locked=true
PA8.Mode=Clock-out
PA8.Signal=RCC_MCO
PB0.Locked=true
PB0.Signal=GPIO_Output
PB1.Locked=true
PB1.Signal=GPIO_Output
PB6.Locked=true
PB6.Mode=Asynchronous
PB6.Signal=USART1_TX
PB7.Locked=true
PB7.Mode=Asynchronous
PB7.Signal=USART1_RX
PC14-OSC32_IN.Mode=LSE-External-Oscillator
PC14-OSC32_IN.Signal=RCC_OSC32_IN
PC15-OSC32_OUT.Mode=LSE-External-Oscillator
PC15-OSC32_OUT.Signal=RCC_OSC32_OUT
PCC.Checker=false
PCC.Line=STM32F373
PCC.MCU=STM32F373C(8-B-C)Tx
PCC.MXVersion=4.14.0
PCC.PartNumber=STM32F373CBTx
PCC.Seq0=0
PCC.Series=STM32F3
PCC.Temperature=25
PCC.Vdd=3.6
PF0-OSC_IN.Mode=HSE-External-Oscillator
PF0-OSC_IN.Signal=RCC_OSC_IN
PF1-OSC_OUT.Mode=HSE-External-Oscillator
PF1-OSC_OUT.Signal=RCC_OSC_OUT
RCC.ADCoutputFreq_Value=36000000
RCC.AHBFreq_Value=72000000
RCC.APB1CLKDivider=RCC_HCLK_DIV4
RCC.APB1Freq_Value=18000000
RCC.APB1TimFreq_Value=36000000
RCC.APB2Freq_Value=72000000
RCC.APB2TimFreq_Value=72000000
RCC.CECFreq_Value=32786.88524590164
RCC.FCLKCortexFreq_Value=72000000
RCC.FamilyName=M
RCC.HCLKFreq_Value=72000000
RCC.HSEPLLFreq_Value=8000000
RCC.HSE_VALUE=16000000
RCC.HSICECFreq_Value=32786.88524590164
RCC.HSIPLLFreq_Value=4000000
RCC.HSI_VALUE=8000000
RCC.I2C1Freq_Value=8000000
RCC.I2CFreq_Value=8000000
RCC.IPParameters=FamilyName,LSI_VALUE,HSE_VALUE,HSEPLLFreq_Value,RTCHSEDivFreq_Value,RTCFreq_Value,HSI_VALUE,HSIPLLFreq_Value,VCOOutput2Freq_Value,PLLCLKFreq_Value,PLLMCOFreq_Value,HSICECFreq_Value,CECFreq_Value,SYSCLKFreq_VALUE,AHBFreq_Value,TimSysFreq_Value,APB2Freq_Value,USART3Freq_Value,USART2Freq_Value,TIM2Freq_Value,ADCoutputFreq_Value,USART1Freq_Value,I2C1Freq_Value,I2CFreq_Value,Usart1ClockSelection,PLLSourceVirtual,USBFreq_Value,RCC_PLLsource_Clock_Source_FROM_HSE,PLLMUL,SYSCLKSource,SDADCoutputFreq_Value,PWRFreq_Value,HCLKFreq_Value,FCLKCortexFreq_Value,APB1TimFreq_Value,APB1Freq_Value,APB2TimFreq_Value,MCOFreq_Value,APB1CLKDivider,RTCClockSelection
RCC.LSI_VALUE=40000
RCC.MCOFreq_Value=72000000
RCC.PLLCLKFreq_Value=72000000
RCC.PLLMCOFreq_Value=36000000
RCC.PLLMUL=RCC_PLL_MUL9
RCC.PLLSourceVirtual=RCC_PLLSOURCE_HSE
RCC.PWRFreq_Value=72000000
RCC.RCC_PLLsource_Clock_Source_FROM_HSE=RCC_HSE_PREDIV_DIV2
RCC.RTCClockSelection=RCC_RTCCLKSOURCE_LSE
RCC.RTCFreq_Value=32768
RCC.RTCHSEDivFreq_Value=500000
RCC.SDADCoutputFreq_Value=36000000
RCC.SYSCLKFreq_VALUE=72000000
RCC.SYSCLKSource=RCC_SYSCLKSOURCE_PLLCLK
RCC.TIM2Freq_Value=72000000
RCC.TimSysFreq_Value=72000000
RCC.USART1Freq_Value=8000000
RCC.USART2Freq_Value=18000000
RCC.USART3Freq_Value=18000000
RCC.USBFreq_Value=72000000
RCC.Usart1ClockSelection=RCC_USART1CLKSOURCE_HSI
RCC.VCOOutput2Freq_Value=8000000
VP_RTC_VS_RTC_WakeUp_intern.Mode=WakeUp
VP_RTC_VS_RTC_WakeUp_intern.Signal=RTC_VS_RTC_WakeUp_intern
VP_SYS_VS_Systick.Mode=SysTick
VP_SYS_VS_Systick.Signal=SYS_VS_Systick
